{
  "name": "ts-backend",
  "version": "1.0.0",
  "lockfileVersion": 2,
  "requires": true,
  "packages": {
    "": {
      "name": "ts-backend",
      "version": "1.0.0",
      "license": "MIT",
      "devDependencies": {
        "husky": "^8.0.3",
        "typescript": "^5.0.3"
      }
    },
    "node_modules/husky": {
      "version": "8.0.3",
      "dev": true,
      "license": "MIT",
      "bin": {
        "husky": "lib/bin.js"
      },
      "engines": {
        "node": ">=14"
      },
      "funding": {
        "url": "https://github.com/sponsors/typicode"
      }
    },
    "node_modules/typescript": {
      "version": "5.0.3",
      "dev": true,
      "license": "Apache-2.0",
      "bin": {
        "tsc": "bin/tsc",
        "tsserver": "bin/tsserver"
      },
      "engines": {
        "node": ">=12.20"
      }
    }
  },
  "dependencies": {
    "husky": {
      "version": "8.0.3",
      "dev": true
    },
    "typescript": {
      "version": "5.0.3",
      "dev": true
    }
  }
}
